
Microsoft Visual Studio Solution File, Format Version 12.00
# Visual Studio Version 16
VisualStudioVersion = 16.0.31624.102
MinimumVisualStudioVersion = 10.0.40219.1
Project("{FAE04EC0-301F-11D3-BF4B-00C04F79EFBC}") = "CoffeOrderingApp-wfa", "CoffeOrderingApp-wfa\CoffeOrderingApp-wfa.csproj", "{A30503B0-71D4-4781-B7D4-9D80E3F07D49}"
EndProject
Global
	GlobalSection(SolutionConfigurationPlatforms) = preSolution
		Debug|Any CPU = Debug|Any CPU
		Release|Any CPU = Release|Any CPU
	EndGlobalSection
	GlobalSection(ProjectConfigurationPlatforms) = postSolution
		{A30503B0-71D4-4781-B7D4-9D80E3F07D49}.Debug|Any CPU.ActiveCfg = Debug|Any CPU
		{A30503B0-71D4-4781-B7D4-9D80E3F07D49}.Debug|Any CPU.Build.0 = Debug|Any CPU
		{A30503B0-71D4-4781-B7D4-9D80E3F07D49}.Release|Any CPU.ActiveCfg = Release|Any CPU
		{A30503B0-71D4-4781-B7D4-9D80E3F07D49}.Release|Any CPU.Build.0 = Release|Any CPU
	EndGlobalSection
	GlobalSection(SolutionProperties) = preSolution
		HideSolutionNode = FALSE
	EndGlobalSection
	GlobalSection(ExtensibilityGlobals) = postSolution
		SolutionGuid = {68AD5E6C-886F-4823-890C-4D774187B423}
	EndGlobalSection
EndGlobal
