
Microsoft Visual Studio Solution File, Format Version 12.00
# Visual Studio Version 16
VisualStudioVersion = 16.0.31624.102
MinimumVisualStudioVersion = 10.0.40219.1
Project("{FAE04EC0-301F-11D3-BF4B-00C04F79EFBC}") = "SelfCoachApp", "SelfCoachApp\SelfCoachApp.csproj", "{3E2B5196-58B5-4D47-B8CD-C782DDC8DDCA}"
EndProject
Global
	GlobalSection(SolutionConfigurationPlatforms) = preSolution
		Debug|Any CPU = Debug|Any CPU
		Release|Any CPU = Release|Any CPU
	EndGlobalSection
	GlobalSection(ProjectConfigurationPlatforms) = postSolution
		{3E2B5196-58B5-4D47-B8CD-C782DDC8DDCA}.Debug|Any CPU.ActiveCfg = Debug|Any CPU
		{3E2B5196-58B5-4D47-B8CD-C782DDC8DDCA}.Debug|Any CPU.Build.0 = Debug|Any CPU
		{3E2B5196-58B5-4D47-B8CD-C782DDC8DDCA}.Release|Any CPU.ActiveCfg = Release|Any CPU
		{3E2B5196-58B5-4D47-B8CD-C782DDC8DDCA}.Release|Any CPU.Build.0 = Release|Any CPU
	EndGlobalSection
	GlobalSection(SolutionProperties) = preSolution
		HideSolutionNode = FALSE
	EndGlobalSection
	GlobalSection(ExtensibilityGlobals) = postSolution
		SolutionGuid = {5188BE1D-68EC-44AA-A394-0ABEB0E1A1D8}
	EndGlobalSection
EndGlobal
