
Microsoft Visual Studio Solution File, Format Version 12.00
# Visual Studio Version 16
VisualStudioVersion = 16.0.31624.102
MinimumVisualStudioVersion = 10.0.40219.1
Project("{FAE04EC0-301F-11D3-BF4B-00C04F79EFBC}") = "SinemaOtomasyonu", "SinemaOtomasyonu\SinemaOtomasyonu.csproj", "{01C75EE0-1A96-4DDE-ADAE-0583CA691291}"
EndProject
Global
	GlobalSection(SolutionConfigurationPlatforms) = preSolution
		Debug|Any CPU = Debug|Any CPU
		Release|Any CPU = Release|Any CPU
	EndGlobalSection
	GlobalSection(ProjectConfigurationPlatforms) = postSolution
		{01C75EE0-1A96-4DDE-ADAE-0583CA691291}.Debug|Any CPU.ActiveCfg = Debug|Any CPU
		{01C75EE0-1A96-4DDE-ADAE-0583CA691291}.Debug|Any CPU.Build.0 = Debug|Any CPU
		{01C75EE0-1A96-4DDE-ADAE-0583CA691291}.Release|Any CPU.ActiveCfg = Release|Any CPU
		{01C75EE0-1A96-4DDE-ADAE-0583CA691291}.Release|Any CPU.Build.0 = Release|Any CPU
	EndGlobalSection
	GlobalSection(SolutionProperties) = preSolution
		HideSolutionNode = FALSE
	EndGlobalSection
	GlobalSection(ExtensibilityGlobals) = postSolution
		SolutionGuid = {83542D1B-2D0F-4724-B62B-B2E1C11177FA}
	EndGlobalSection
EndGlobal
