
Microsoft Visual Studio Solution File, Format Version 12.00
# Visual Studio Version 16
VisualStudioVersion = 16.0.31624.102
MinimumVisualStudioVersion = 10.0.40219.1
Project("{FAE04EC0-301F-11D3-BF4B-00C04F79EFBC}") = "EticaretWFA", "EticaretWFA\EticaretWFA.csproj", "{5C1BDA7F-6D9E-4D0E-9C35-96A257627E8D}"
EndProject
Global
	GlobalSection(SolutionConfigurationPlatforms) = preSolution
		Debug|Any CPU = Debug|Any CPU
		Release|Any CPU = Release|Any CPU
	EndGlobalSection
	GlobalSection(ProjectConfigurationPlatforms) = postSolution
		{5C1BDA7F-6D9E-4D0E-9C35-96A257627E8D}.Debug|Any CPU.ActiveCfg = Debug|Any CPU
		{5C1BDA7F-6D9E-4D0E-9C35-96A257627E8D}.Debug|Any CPU.Build.0 = Debug|Any CPU
		{5C1BDA7F-6D9E-4D0E-9C35-96A257627E8D}.Release|Any CPU.ActiveCfg = Release|Any CPU
		{5C1BDA7F-6D9E-4D0E-9C35-96A257627E8D}.Release|Any CPU.Build.0 = Release|Any CPU
	EndGlobalSection
	GlobalSection(SolutionProperties) = preSolution
		HideSolutionNode = FALSE
	EndGlobalSection
	GlobalSection(ExtensibilityGlobals) = postSolution
		SolutionGuid = {F18A63C8-7B12-4692-BF99-822127B1DFE4}
	EndGlobalSection
EndGlobal
